
Microsoft Visual Studio Solution File, Format Version 12.00
# Visual Studio Version 17
VisualStudioVersion = 17.14.36301.6
MinimumVisualStudioVersion = 10.0.40219.1
Project("{FAE04EC0-301F-11D3-BF4B-00C04F79EFBC}") = "AutoPowerTimeOut", "AutoPowerTimeOut.csproj", "{781FE075-70A8-494C-BFC0-98855F655D6E}"
EndProject
Global
	GlobalSection(SolutionConfigurationPlatforms) = preSolution
		Debug|Any CPU = Debug|Any CPU
		Release|Any CPU = Release|Any CPU
	EndGlobalSection
	GlobalSection(ProjectConfigurationPlatforms) = postSolution
		{781FE075-70A8-494C-BFC0-98855F655D6E}.Debug|Any CPU.ActiveCfg = Debug|Any CPU
		{781FE075-70A8-494C-BFC0-98855F655D6E}.Debug|Any CPU.Build.0 = Debug|Any CPU
		{781FE075-70A8-494C-BFC0-98855F655D6E}.Release|Any CPU.ActiveCfg = Release|Any CPU
		{781FE075-70A8-494C-BFC0-98855F655D6E}.Release|Any CPU.Build.0 = Release|Any CPU
	EndGlobalSection
	GlobalSection(SolutionProperties) = preSolution
		HideSolutionNode = FALSE
	EndGlobalSection
	GlobalSection(ExtensibilityGlobals) = postSolution
		SolutionGuid = {2DF3F7C7-AE6F-4580-A0C1-54BD84AED559}
	EndGlobalSection
EndGlobal
